
Microsoft Visual Studio Solution File, Format Version 12.00
# Visual Studio Version 16
VisualStudioVersion = 16.0.30907.101
MinimumVisualStudioVersion = 10.0.40219.1
Project("{9A19103F-16F7-4668-BE54-9A1E7A4F7556}") = "MaskeTakipUygulaması", "MaskeTakipUygulaması.csproj", "{8ECC28DC-0F8F-4099-A75D-CB2E5B9C633A}"
EndProject
Project("{9A19103F-16F7-4668-BE54-9A1E7A4F7556}") = "Entities", "..\Entities\Entities.csproj", "{BC480656-B8EE-4BA9-8552-F3F853852197}"
EndProject
Project("{9A19103F-16F7-4668-BE54-9A1E7A4F7556}") = "Business", "..\Business\Business.csproj", "{D90A4008-5B27-4F7F-82D3-0D834BB76117}"
EndProject
Global
	GlobalSection(SolutionConfigurationPlatforms) = preSolution
		Debug|Any CPU = Debug|Any CPU
		Release|Any CPU = Release|Any CPU
	EndGlobalSection
	GlobalSection(ProjectConfigurationPlatforms) = postSolution
		{8ECC28DC-0F8F-4099-A75D-CB2E5B9C633A}.Debug|Any CPU.ActiveCfg = Debug|Any CPU
		{8ECC28DC-0F8F-4099-A75D-CB2E5B9C633A}.Debug|Any CPU.Build.0 = Debug|Any CPU
		{8ECC28DC-0F8F-4099-A75D-CB2E5B9C633A}.Release|Any CPU.ActiveCfg = Release|Any CPU
		{8ECC28DC-0F8F-4099-A75D-CB2E5B9C633A}.Release|Any CPU.Build.0 = Release|Any CPU
		{BC480656-B8EE-4BA9-8552-F3F853852197}.Debug|Any CPU.ActiveCfg = Debug|Any CPU
		{BC480656-B8EE-4BA9-8552-F3F853852197}.Debug|Any CPU.Build.0 = Debug|Any CPU
		{BC480656-B8EE-4BA9-8552-F3F853852197}.Release|Any CPU.ActiveCfg = Release|Any CPU
		{BC480656-B8EE-4BA9-8552-F3F853852197}.Release|Any CPU.Build.0 = Release|Any CPU
		{D90A4008-5B27-4F7F-82D3-0D834BB76117}.Debug|Any CPU.ActiveCfg = Debug|Any CPU
		{D90A4008-5B27-4F7F-82D3-0D834BB76117}.Debug|Any CPU.Build.0 = Debug|Any CPU
		{D90A4008-5B27-4F7F-82D3-0D834BB76117}.Release|Any CPU.ActiveCfg = Release|Any CPU
		{D90A4008-5B27-4F7F-82D3-0D834BB76117}.Release|Any CPU.Build.0 = Release|Any CPU
	EndGlobalSection
	GlobalSection(SolutionProperties) = preSolution
		HideSolutionNode = FALSE
	EndGlobalSection
	GlobalSection(ExtensibilityGlobals) = postSolution
		SolutionGuid = {9CFC7E2B-B6EF-4A0B-8604-467C9D553303}
	EndGlobalSection
EndGlobal
